
Microsoft Visual Studio Solution File, Format Version 12.00
# Visual Studio Version 17
VisualStudioVersion = 17.14.36518.9 d17.14
MinimumVisualStudioVersion = 10.0.40219.1
Project("{FAE04EC0-301F-11D3-BF4B-00C04F79EFBC}") = "konversi suhu_fungsi_Ridwan_XPPLLG2", "konversi suhu_fungsi_Ridwan_XPPLLG2\konversi suhu_fungsi_Ridwan_XPPLLG2.csproj", "{38CB1C07-CF4B-4F5F-8251-E8673BE94018}"
EndProject
Global
	GlobalSection(SolutionConfigurationPlatforms) = preSolution
		Debug|Any CPU = Debug|Any CPU
		Release|Any CPU = Release|Any CPU
	EndGlobalSection
	GlobalSection(ProjectConfigurationPlatforms) = postSolution
		{38CB1C07-CF4B-4F5F-8251-E8673BE94018}.Debug|Any CPU.ActiveCfg = Debug|Any CPU
		{38CB1C07-CF4B-4F5F-8251-E8673BE94018}.Debug|Any CPU.Build.0 = Debug|Any CPU
		{38CB1C07-CF4B-4F5F-8251-E8673BE94018}.Release|Any CPU.ActiveCfg = Release|Any CPU
		{38CB1C07-CF4B-4F5F-8251-E8673BE94018}.Release|Any CPU.Build.0 = Release|Any CPU
	EndGlobalSection
	GlobalSection(SolutionProperties) = preSolution
		HideSolutionNode = FALSE
	EndGlobalSection
	GlobalSection(ExtensibilityGlobals) = postSolution
		SolutionGuid = {2599448F-EFA3-4323-8332-4A62EA0A66DA}
	EndGlobalSection
EndGlobal
