
Microsoft Visual Studio Solution File, Format Version 12.00
# Visual Studio Version 17
VisualStudioVersion = 17.14.36518.9 d17.14
MinimumVisualStudioVersion = 10.0.40219.1
Project("{FAE04EC0-301F-11D3-BF4B-00C04F79EFBC}") = "Luas", "Luas\Luas.csproj", "{6C8D7141-14BC-48BB-8CC4-05F169A631ED}"
EndProject
Global
	GlobalSection(SolutionConfigurationPlatforms) = preSolution
		Debug|Any CPU = Debug|Any CPU
		Release|Any CPU = Release|Any CPU
	EndGlobalSection
	GlobalSection(ProjectConfigurationPlatforms) = postSolution
		{6C8D7141-14BC-48BB-8CC4-05F169A631ED}.Debug|Any CPU.ActiveCfg = Debug|Any CPU
		{6C8D7141-14BC-48BB-8CC4-05F169A631ED}.Debug|Any CPU.Build.0 = Debug|Any CPU
		{6C8D7141-14BC-48BB-8CC4-05F169A631ED}.Release|Any CPU.ActiveCfg = Release|Any CPU
		{6C8D7141-14BC-48BB-8CC4-05F169A631ED}.Release|Any CPU.Build.0 = Release|Any CPU
	EndGlobalSection
	GlobalSection(SolutionProperties) = preSolution
		HideSolutionNode = FALSE
	EndGlobalSection
	GlobalSection(ExtensibilityGlobals) = postSolution
		SolutionGuid = {5F21CAAF-ED89-4B9C-8FE1-69FEEEE9676B}
	EndGlobalSection
EndGlobal
